
Microsoft Visual Studio Solution File, Format Version 12.00
# Visual Studio Version 16
VisualStudioVersion = 16.0.29230.47
MinimumVisualStudioVersion = 10.0.40219.1
Project("{9A19103F-16F7-4668-BE54-9A1E7A4F7556}") = "Igrm.WelkinWatcher.BackgroundWorker", "Igrm.WelkinWatcher.BackgroundWorker\Igrm.WelkinWatcher.BackgroundWorker.csproj", "{A61D4B1C-8B08-4846-9B9E-0268D6F36B89}"
EndProject
Project("{9A19103F-16F7-4668-BE54-9A1E7A4F7556}") = "Igrm.WelkinWatcher.SignalR", "Igrm.WelkinWatcher.SignalR\Igrm.WelkinWatcher.SignalR.csproj", "{EC760E33-49E3-4FA0-A3ED-0BDF113DFF45}"
EndProject
Project("{9A19103F-16F7-4668-BE54-9A1E7A4F7556}") = "Igrm.WelkinWatcher.InfoBoard", "Igrm.WelkinWatcher.InfoBoard\Igrm.WelkinWatcher.InfoBoard.csproj", "{49BB6045-2AB4-48BE-82BA-C0BC1CE6D828}"
EndProject
Project("{2150E333-8FDC-42A3-9474-1A3956D46DE8}") = "Kubernetes", "Kubernetes", "{CCCF1F4C-A6C1-41DF-9FA0-674CE51F49A4}"
	ProjectSection(SolutionItems) = preProject
		BackgroundWorker.deployment.yml = BackgroundWorker.deployment.yml
		InfoBoard.deployment.yml = InfoBoard.deployment.yml
		InfoBoard.service.yml = InfoBoard.service.yml
		install.bat = install.bat
		RabbitMQ.deployment.yml = RabbitMQ.deployment.yml
		RabbitMQ.service.yml = RabbitMQ.service.yml
		SignalR.deployment.yml = SignalR.deployment.yml
		SignalR.service.yml = SignalR.service.yml
	EndProjectSection
EndProject
Global
	GlobalSection(SolutionConfigurationPlatforms) = preSolution
		Debug|Any CPU = Debug|Any CPU
		Release|Any CPU = Release|Any CPU
	EndGlobalSection
	GlobalSection(ProjectConfigurationPlatforms) = postSolution
		{A61D4B1C-8B08-4846-9B9E-0268D6F36B89}.Debug|Any CPU.ActiveCfg = Debug|Any CPU
		{A61D4B1C-8B08-4846-9B9E-0268D6F36B89}.Debug|Any CPU.Build.0 = Debug|Any CPU
		{A61D4B1C-8B08-4846-9B9E-0268D6F36B89}.Release|Any CPU.ActiveCfg = Release|Any CPU
		{A61D4B1C-8B08-4846-9B9E-0268D6F36B89}.Release|Any CPU.Build.0 = Release|Any CPU
		{EC760E33-49E3-4FA0-A3ED-0BDF113DFF45}.Debug|Any CPU.ActiveCfg = Debug|Any CPU
		{EC760E33-49E3-4FA0-A3ED-0BDF113DFF45}.Debug|Any CPU.Build.0 = Debug|Any CPU
		{EC760E33-49E3-4FA0-A3ED-0BDF113DFF45}.Release|Any CPU.ActiveCfg = Release|Any CPU
		{EC760E33-49E3-4FA0-A3ED-0BDF113DFF45}.Release|Any CPU.Build.0 = Release|Any CPU
		{49BB6045-2AB4-48BE-82BA-C0BC1CE6D828}.Debug|Any CPU.ActiveCfg = Debug|Any CPU
		{49BB6045-2AB4-48BE-82BA-C0BC1CE6D828}.Debug|Any CPU.Build.0 = Debug|Any CPU
		{49BB6045-2AB4-48BE-82BA-C0BC1CE6D828}.Release|Any CPU.ActiveCfg = Release|Any CPU
		{49BB6045-2AB4-48BE-82BA-C0BC1CE6D828}.Release|Any CPU.Build.0 = Release|Any CPU
	EndGlobalSection
	GlobalSection(SolutionProperties) = preSolution
		HideSolutionNode = FALSE
	EndGlobalSection
	GlobalSection(ExtensibilityGlobals) = postSolution
		SolutionGuid = {7C311BB6-2FA7-400F-876C-DC0B9F70B524}
	EndGlobalSection
EndGlobal
